
Microsoft Visual Studio Solution File, Format Version 12.00
# Visual Studio Version 17
VisualStudioVersion = 17.8.34212.112
MinimumVisualStudioVersion = 10.0.40219.1
Project("{FAE04EC0-301F-11D3-BF4B-00C04F79EFBC}") = "KinoConsole", "KinoConsole\KinoConsole.csproj", "{80B2684B-23BC-4AAB-AD1E-27179AC56153}"
EndProject
Project("{9A19103F-16F7-4668-BE54-9A1E7A4F7556}") = "NativeLib", "NativeLib\NativeLib.csproj", "{ADE94C9A-69AA-41BC-9B40-434C6ECDC586}"
EndProject
Project("{9A19103F-16F7-4668-BE54-9A1E7A4F7556}") = "Moga.Windows.Phone", "Moga.Windows.Phone\Moga.Windows.Phone.csproj", "{509C26EA-5EEE-4537-A368-C8E811FE7982}"
EndProject
Project("{9A19103F-16F7-4668-BE54-9A1E7A4F7556}") = "FlurryWP8SDK", "FlurryWP8SDK\FlurryWP8SDK.csproj", "{D48E1C05-16B8-41AC-A9C7-5BFAFBD67EDB}"
EndProject
Global
	GlobalSection(SolutionConfigurationPlatforms) = preSolution
		Debug|Any CPU = Debug|Any CPU
		Debug|ARM = Debug|ARM
		Debug|ARM64 = Debug|ARM64
		Debug|x64 = Debug|x64
		Debug|x86 = Debug|x86
		Release|Any CPU = Release|Any CPU
		Release|ARM = Release|ARM
		Release|ARM64 = Release|ARM64
		Release|x64 = Release|x64
		Release|x86 = Release|x86
	EndGlobalSection
	GlobalSection(ProjectConfigurationPlatforms) = postSolution
		{80B2684B-23BC-4AAB-AD1E-27179AC56153}.Debug|Any CPU.ActiveCfg = Debug|x64
		{80B2684B-23BC-4AAB-AD1E-27179AC56153}.Debug|Any CPU.Build.0 = Debug|x64
		{80B2684B-23BC-4AAB-AD1E-27179AC56153}.Debug|Any CPU.Deploy.0 = Debug|x64
		{80B2684B-23BC-4AAB-AD1E-27179AC56153}.Debug|ARM.ActiveCfg = Debug|ARM
		{80B2684B-23BC-4AAB-AD1E-27179AC56153}.Debug|ARM.Build.0 = Debug|ARM
		{80B2684B-23BC-4AAB-AD1E-27179AC56153}.Debug|ARM.Deploy.0 = Debug|ARM
		{80B2684B-23BC-4AAB-AD1E-27179AC56153}.Debug|ARM64.ActiveCfg = Debug|ARM64
		{80B2684B-23BC-4AAB-AD1E-27179AC56153}.Debug|ARM64.Build.0 = Debug|ARM64
		{80B2684B-23BC-4AAB-AD1E-27179AC56153}.Debug|ARM64.Deploy.0 = Debug|ARM64
		{80B2684B-23BC-4AAB-AD1E-27179AC56153}.Debug|x64.ActiveCfg = Debug|x64
		{80B2684B-23BC-4AAB-AD1E-27179AC56153}.Debug|x64.Build.0 = Debug|x64
		{80B2684B-23BC-4AAB-AD1E-27179AC56153}.Debug|x64.Deploy.0 = Debug|x64
		{80B2684B-23BC-4AAB-AD1E-27179AC56153}.Debug|x86.ActiveCfg = Debug|x86
		{80B2684B-23BC-4AAB-AD1E-27179AC56153}.Debug|x86.Build.0 = Debug|x86
		{80B2684B-23BC-4AAB-AD1E-27179AC56153}.Debug|x86.Deploy.0 = Debug|x86
		{80B2684B-23BC-4AAB-AD1E-27179AC56153}.Release|Any CPU.ActiveCfg = Release|x64
		{80B2684B-23BC-4AAB-AD1E-27179AC56153}.Release|Any CPU.Build.0 = Release|x64
		{80B2684B-23BC-4AAB-AD1E-27179AC56153}.Release|Any CPU.Deploy.0 = Release|x64
		{80B2684B-23BC-4AAB-AD1E-27179AC56153}.Release|ARM.ActiveCfg = Release|ARM
		{80B2684B-23BC-4AAB-AD1E-27179AC56153}.Release|ARM.Build.0 = Release|ARM
		{80B2684B-23BC-4AAB-AD1E-27179AC56153}.Release|ARM.Deploy.0 = Release|ARM
		{80B2684B-23BC-4AAB-AD1E-27179AC56153}.Release|ARM64.ActiveCfg = Release|ARM64
		{80B2684B-23BC-4AAB-AD1E-27179AC56153}.Release|ARM64.Build.0 = Release|ARM64
		{80B2684B-23BC-4AAB-AD1E-27179AC56153}.Release|ARM64.Deploy.0 = Release|ARM64
		{80B2684B-23BC-4AAB-AD1E-27179AC56153}.Release|x64.ActiveCfg = Release|x64
		{80B2684B-23BC-4AAB-AD1E-27179AC56153}.Release|x64.Build.0 = Release|x64
		{80B2684B-23BC-4AAB-AD1E-27179AC56153}.Release|x64.Deploy.0 = Release|x64
		{80B2684B-23BC-4AAB-AD1E-27179AC56153}.Release|x86.ActiveCfg = Release|x86
		{80B2684B-23BC-4AAB-AD1E-27179AC56153}.Release|x86.Build.0 = Release|x86
		{80B2684B-23BC-4AAB-AD1E-27179AC56153}.Release|x86.Deploy.0 = Release|x86
		{ADE94C9A-69AA-41BC-9B40-434C6ECDC586}.Debug|Any CPU.ActiveCfg = Debug|Any CPU
		{ADE94C9A-69AA-41BC-9B40-434C6ECDC586}.Debug|Any CPU.Build.0 = Debug|Any CPU
		{ADE94C9A-69AA-41BC-9B40-434C6ECDC586}.Debug|ARM.ActiveCfg = Debug|Any CPU
		{ADE94C9A-69AA-41BC-9B40-434C6ECDC586}.Debug|ARM.Build.0 = Debug|Any CPU
		{ADE94C9A-69AA-41BC-9B40-434C6ECDC586}.Debug|ARM64.ActiveCfg = Debug|Any CPU
		{ADE94C9A-69AA-41BC-9B40-434C6ECDC586}.Debug|ARM64.Build.0 = Debug|Any CPU
		{ADE94C9A-69AA-41BC-9B40-434C6ECDC586}.Debug|x64.ActiveCfg = Debug|Any CPU
		{ADE94C9A-69AA-41BC-9B40-434C6ECDC586}.Debug|x64.Build.0 = Debug|Any CPU
		{ADE94C9A-69AA-41BC-9B40-434C6ECDC586}.Debug|x86.ActiveCfg = Debug|Any CPU
		{ADE94C9A-69AA-41BC-9B40-434C6ECDC586}.Debug|x86.Build.0 = Debug|Any CPU
		{ADE94C9A-69AA-41BC-9B40-434C6ECDC586}.Release|Any CPU.ActiveCfg = Release|Any CPU
		{ADE94C9A-69AA-41BC-9B40-434C6ECDC586}.Release|Any CPU.Build.0 = Release|Any CPU
		{ADE94C9A-69AA-41BC-9B40-434C6ECDC586}.Release|ARM.ActiveCfg = Release|Any CPU
		{ADE94C9A-69AA-41BC-9B40-434C6ECDC586}.Release|ARM.Build.0 = Release|Any CPU
		{ADE94C9A-69AA-41BC-9B40-434C6ECDC586}.Release|ARM64.ActiveCfg = Release|Any CPU
		{ADE94C9A-69AA-41BC-9B40-434C6ECDC586}.Release|ARM64.Build.0 = Release|Any CPU
		{ADE94C9A-69AA-41BC-9B40-434C6ECDC586}.Release|x64.ActiveCfg = Release|Any CPU
		{ADE94C9A-69AA-41BC-9B40-434C6ECDC586}.Release|x64.Build.0 = Release|Any CPU
		{ADE94C9A-69AA-41BC-9B40-434C6ECDC586}.Release|x86.ActiveCfg = Release|Any CPU
		{ADE94C9A-69AA-41BC-9B40-434C6ECDC586}.Release|x86.Build.0 = Release|Any CPU
		{509C26EA-5EEE-4537-A368-C8E811FE7982}.Debug|Any CPU.ActiveCfg = Debug|Any CPU
		{509C26EA-5EEE-4537-A368-C8E811FE7982}.Debug|Any CPU.Build.0 = Debug|Any CPU
		{509C26EA-5EEE-4537-A368-C8E811FE7982}.Debug|ARM.ActiveCfg = Debug|Any CPU
		{509C26EA-5EEE-4537-A368-C8E811FE7982}.Debug|ARM.Build.0 = Debug|Any CPU
		{509C26EA-5EEE-4537-A368-C8E811FE7982}.Debug|ARM64.ActiveCfg = Debug|Any CPU
		{509C26EA-5EEE-4537-A368-C8E811FE7982}.Debug|ARM64.Build.0 = Debug|Any CPU
		{509C26EA-5EEE-4537-A368-C8E811FE7982}.Debug|x64.ActiveCfg = Debug|Any CPU
		{509C26EA-5EEE-4537-A368-C8E811FE7982}.Debug|x64.Build.0 = Debug|Any CPU
		{509C26EA-5EEE-4537-A368-C8E811FE7982}.Debug|x86.ActiveCfg = Debug|Any CPU
		{509C26EA-5EEE-4537-A368-C8E811FE7982}.Debug|x86.Build.0 = Debug|Any CPU
		{509C26EA-5EEE-4537-A368-C8E811FE7982}.Release|Any CPU.ActiveCfg = Release|Any CPU
		{509C26EA-5EEE-4537-A368-C8E811FE7982}.Release|Any CPU.Build.0 = Release|Any CPU
		{509C26EA-5EEE-4537-A368-C8E811FE7982}.Release|ARM.ActiveCfg = Release|Any CPU
		{509C26EA-5EEE-4537-A368-C8E811FE7982}.Release|ARM.Build.0 = Release|Any CPU
		{509C26EA-5EEE-4537-A368-C8E811FE7982}.Release|ARM64.ActiveCfg = Release|Any CPU
		{509C26EA-5EEE-4537-A368-C8E811FE7982}.Release|ARM64.Build.0 = Release|Any CPU
		{509C26EA-5EEE-4537-A368-C8E811FE7982}.Release|x64.ActiveCfg = Release|Any CPU
		{509C26EA-5EEE-4537-A368-C8E811FE7982}.Release|x64.Build.0 = Release|Any CPU
		{509C26EA-5EEE-4537-A368-C8E811FE7982}.Release|x86.ActiveCfg = Release|Any CPU
		{509C26EA-5EEE-4537-A368-C8E811FE7982}.Release|x86.Build.0 = Release|Any CPU
		{D48E1C05-16B8-41AC-A9C7-5BFAFBD67EDB}.Debug|Any CPU.ActiveCfg = Debug|Any CPU
		{D48E1C05-16B8-41AC-A9C7-5BFAFBD67EDB}.Debug|Any CPU.Build.0 = Debug|Any CPU
		{D48E1C05-16B8-41AC-A9C7-5BFAFBD67EDB}.Debug|ARM.ActiveCfg = Debug|Any CPU
		{D48E1C05-16B8-41AC-A9C7-5BFAFBD67EDB}.Debug|ARM.Build.0 = Debug|Any CPU
		{D48E1C05-16B8-41AC-A9C7-5BFAFBD67EDB}.Debug|ARM64.ActiveCfg = Debug|Any CPU
		{D48E1C05-16B8-41AC-A9C7-5BFAFBD67EDB}.Debug|ARM64.Build.0 = Debug|Any CPU
		{D48E1C05-16B8-41AC-A9C7-5BFAFBD67EDB}.Debug|x64.ActiveCfg = Debug|Any CPU
		{D48E1C05-16B8-41AC-A9C7-5BFAFBD67EDB}.Debug|x64.Build.0 = Debug|Any CPU
		{D48E1C05-16B8-41AC-A9C7-5BFAFBD67EDB}.Debug|x86.ActiveCfg = Debug|Any CPU
		{D48E1C05-16B8-41AC-A9C7-5BFAFBD67EDB}.Debug|x86.Build.0 = Debug|Any CPU
		{D48E1C05-16B8-41AC-A9C7-5BFAFBD67EDB}.Release|Any CPU.ActiveCfg = Release|Any CPU
		{D48E1C05-16B8-41AC-A9C7-5BFAFBD67EDB}.Release|Any CPU.Build.0 = Release|Any CPU
		{D48E1C05-16B8-41AC-A9C7-5BFAFBD67EDB}.Release|ARM.ActiveCfg = Release|Any CPU
		{D48E1C05-16B8-41AC-A9C7-5BFAFBD67EDB}.Release|ARM.Build.0 = Release|Any CPU
		{D48E1C05-16B8-41AC-A9C7-5BFAFBD67EDB}.Release|ARM64.ActiveCfg = Release|Any CPU
		{D48E1C05-16B8-41AC-A9C7-5BFAFBD67EDB}.Release|ARM64.Build.0 = Release|Any CPU
		{D48E1C05-16B8-41AC-A9C7-5BFAFBD67EDB}.Release|x64.ActiveCfg = Release|Any CPU
		{D48E1C05-16B8-41AC-A9C7-5BFAFBD67EDB}.Release|x64.Build.0 = Release|Any CPU
		{D48E1C05-16B8-41AC-A9C7-5BFAFBD67EDB}.Release|x86.ActiveCfg = Release|Any CPU
		{D48E1C05-16B8-41AC-A9C7-5BFAFBD67EDB}.Release|x86.Build.0 = Release|Any CPU
	EndGlobalSection
	GlobalSection(SolutionProperties) = preSolution
		HideSolutionNode = FALSE
	EndGlobalSection
	GlobalSection(ExtensibilityGlobals) = postSolution
		SolutionGuid = {F14EDBE1-C821-408C-95B3-3057384407D4}
	EndGlobalSection
EndGlobal
